// !$*UTF8*$!
{
	archiveVersion = 1;
	classes = {
	};
	objectVersion = 48;
	objects = {

/* Begin PBXBuildFile section */
		83A23710200E5480001FCDEC /* AppDelegate.swift in Sources */ = {isa = PBXBuildFile; fileRef = 83A2370F200E5480001FCDEC /* AppDelegate.swift */; };
		83A23712200E5480001FCDEC /* ViewController.swift in Sources */ = {isa = PBXBuildFile; fileRef = 83A23711200E5480001FCDEC /* ViewController.swift */; };
		83A23715200E5480001FCDEC /* Main.storyboard in Resources */ = {isa = PBXBuildFile; fileRef = 83A23713200E5480001FCDEC /* Main.storyboard */; };
		83A23717200E5480001FCDEC /* Assets.xcassets in Resources */ = {isa = PBXBuildFile; fileRef = 83A23716200E5480001FCDEC /* Assets.xcassets */; };
		83A2371A200E5480001FCDEC /* LaunchScreen.storyboard in Resources */ = {isa = PBXBuildFile; fileRef = 83A23718200E5480001FCDEC /* LaunchScreen.storyboard */; };
		FA532653628165296674E42B /* Pods_SplitZip_Swift.framework in Frameworks */ = {isa = PBXBuildFile; fileRef = A28C1D8A34F5BAFC964A8DD8 /* Pods_SplitZip_Swift.framework */; };
/* End PBXBuildFile section */

/* Begin PBXFileReference section */
		223999233F59BA59EC77393B /* Pods-SplitZip_Swift.release.xcconfig */ = {isa = PBXFileReference; includeInIndex = 1; lastKnownFileType = text.xcconfig; name = "Pods-SplitZip_Swift.release.xcconfig"; path = "Pods/Target Support Files/Pods-SplitZip_Swift/Pods-SplitZip_Swift.release.xcconfig"; sourceTree = "<group>"; };
		4B92DC76BB32B40560CBD53E /* Pods-SplitZip_Swift.debug.xcconfig */ = {isa = PBXFileReference; includeInIndex = 1; lastKnownFileType = text.xcconfig; name = "Pods-SplitZip_Swift.debug.xcconfig"; path = "Pods/Target Support Files/Pods-SplitZip_Swift/Pods-SplitZip_Swift.debug.xcconfig"; sourceTree = "<group>"; };
		83A2370C200E5480001FCDEC /* testingZip.app */ = {isa = PBXFileReference; explicitFileType = wrapper.application; includeInIndex = 0; path = testingZip.app; sourceTree = BUILT_PRODUCTS_DIR; };
		83A2370F200E5480001FCDEC /* AppDelegate.swift */ = {isa = PBXFileReference; lastKnownFileType = sourcecode.swift; path = AppDelegate.swift; sourceTree = "<group>"; };
		83A23711200E5480001FCDEC /* ViewController.swift */ = {isa = PBXFileReference; lastKnownFileType = sourcecode.swift; path = ViewController.swift; sourceTree = "<group>"; };
		83A23714200E5480001FCDEC /* Base */ = {isa = PBXFileReference; lastKnownFileType = file.storyboard; name = Base; path = Base.lproj/Main.storyboard; sourceTree = "<group>"; };
		83A23716200E5480001FCDEC /* Assets.xcassets */ = {isa = PBXFileReference; lastKnownFileType = folder.assetcatalog; path = Assets.xcassets; sourceTree = "<group>"; };
		83A23719200E5480001FCDEC /* Base */ = {isa = PBXFileReference; lastKnownFileType = file.storyboard; name = Base; path = Base.lproj/LaunchScreen.storyboard; sourceTree = "<group>"; };
		83A2371B200E5480001FCDEC /* Info.plist */ = {isa = PBXFileReference; lastKnownFileType = text.plist.xml; path = Info.plist; sourceTree = "<group>"; };
		A28C1D8A34F5BAFC964A8DD8 /* Pods_SplitZip_Swift.framework */ = {isa = PBXFileReference; explicitFileType = wrapper.framework; includeInIndex = 0; path = Pods_SplitZip_Swift.framework; sourceTree = BUILT_PRODUCTS_DIR; };
/* End PBXFileReference section */

/* Begin PBXFrameworksBuildPhase section */
		83A23709200E5480001FCDEC /* Frameworks */ = {
			isa = PBXFrameworksBuildPhase;
			buildActionMask = 2147483647;
			files = (
				FA532653628165296674E42B /* Pods_SplitZip_Swift.framework in Frameworks */,
			);
			runOnlyForDeploymentPostprocessing = 0;
		};
/* End PBXFrameworksBuildPhase section */

/* Begin PBXGroup section */
		52F1C6D0D4D60B5DB80C336F /* Pods */ = {
			isa = PBXGroup;
			children = (
				4B92DC76BB32B40560CBD53E /* Pods-SplitZip_Swift.debug.xcconfig */,
				223999233F59BA59EC77393B /* Pods-SplitZip_Swift.release.xcconfig */,
			);
			name = Pods;
			sourceTree = "<group>";
		};
		8333DF16C5F72E17D6377AB3 /* Frameworks */ = {
			isa = PBXGroup;
			children = (
				A28C1D8A34F5BAFC964A8DD8 /* Pods_SplitZip_Swift.framework */,
			);
			name = Frameworks;
			sourceTree = "<group>";
		};
		83A23703200E5480001FCDEC = {
			isa = PBXGroup;
			children = (
				83A2370E200E5480001FCDEC /* SplitZip_Swift */,
				83A2370D200E5480001FCDEC /* Products */,
				52F1C6D0D4D60B5DB80C336F /* Pods */,
				8333DF16C5F72E17D6377AB3 /* Frameworks */,
			);
			sourceTree = "<group>";
		};
		83A2370D200E5480001FCDEC /* Products */ = {
			isa = PBXGroup;
			children = (
				83A2370C200E5480001FCDEC /* testingZip.app */,
			);
			name = Products;
			sourceTree = "<group>";
		};
		83A2370E200E5480001FCDEC /* SplitZip_Swift */ = {
			isa = PBXGroup;
			children = (
				83A2370F200E5480001FCDEC /* AppDelegate.swift */,
				83A23711200E5480001FCDEC /* ViewController.swift */,
				83A23713200E5480001FCDEC /* Main.storyboard */,
				83A23716200E5480001FCDEC /* Assets.xcassets */,
				83A23718200E5480001FCDEC /* LaunchScreen.storyboard */,
				83A2371B200E5480001FCDEC /* Info.plist */,
			);
			path = SplitZip_Swift;
			sourceTree = "<group>";
		};
/* End PBXGroup section */

/* Begin PBXNativeTarget section */
		83A2370B200E5480001FCDEC /* SplitZip_Swift */ = {
			isa = PBXNativeTarget;
			buildConfigurationList = 83A2371E200E5480001FCDEC /* Build configuration list for PBXNativeTarget "SplitZip_Swift" */;
			buildPhases = (
				7982B9B1F54942A5EB45E3F4 /* [CP] Check Pods Manifest.lock */,
				83A23708200E5480001FCDEC /* Sources */,
				83A23709200E5480001FCDEC /* Frameworks */,
				83A2370A200E5480001FCDEC /* Resources */,
				DEB6FE00F84831C4D4825A03 /* [CP] Embed Pods Frameworks */,
				8ECCE8BA04B3C06EB8F6409F /* [CP] Copy Pods Resources */,
			);
			buildRules = (
			);
			dependencies = (
			);
			name = SplitZip_Swift;
			productName = SplitZip_Swift;
			productReference = 83A2370C200E5480001FCDEC /* testingZip.app */;
			productType = "com.apple.product-type.application";
		};
/* End PBXNativeTarget section */

/* Begin PBXProject section */
		83A23704200E5480001FCDEC /* Project object */ = {
			isa = PBXProject;
			attributes = {
				LastSwiftUpdateCheck = 0920;
				LastUpgradeCheck = 0920;
				ORGANIZATIONNAME = "Luis Genaro Arvizu Vega";
				TargetAttributes = {
					83A2370B200E5480001FCDEC = {
						CreatedOnToolsVersion = 9.2;
						ProvisioningStyle = Automatic;
					};
				};
			};
			buildConfigurationList = 83A23707200E5480001FCDEC /* Build configuration list for PBXProject "SplitZip_Swift" */;
			compatibilityVersion = "Xcode 8.0";
			developmentRegion = en;
			hasScannedForEncodings = 0;
			knownRegions = (
				en,
				Base,
			);
			mainGroup = 83A23703200E5480001FCDEC;
			productRefGroup = 83A2370D200E5480001FCDEC /* Products */;
			projectDirPath = "";
			projectRoot = "";
			targets = (
				83A2370B200E5480001FCDEC /* SplitZip_Swift */,
			);
		};
/* End PBXProject section */

/* Begin PBXResourcesBuildPhase section */
		83A2370A200E5480001FCDEC /* Resources */ = {
			isa = PBXResourcesBuildPhase;
			buildActionMask = 2147483647;
			files = (
				83A2371A200E5480001FCDEC /* LaunchScreen.storyboard in Resources */,
				83A23717200E5480001FCDEC /* Assets.xcassets in Resources */,
				83A23715200E5480001FCDEC /* Main.storyboard in Resources */,
			);
			runOnlyForDeploymentPostprocessing = 0;
		};
/* End PBXResourcesBuildPhase section */

/* Begin PBXShellScriptBuildPhase section */
		7982B9B1F54942A5EB45E3F4 /* [CP] Check Pods Manifest.lock */ = {
			isa = PBXShellScriptBuildPhase;
			buildActionMask = 2147483647;
			files = (
			);
			inputPaths = (
			);
			name = "[CP] Check Pods Manifest.lock";
			outputPaths = (
			);
			runOnlyForDeploymentPostprocessing = 0;
			shellPath = /bin/sh;
			shellScript = "diff \"${PODS_ROOT}/../Podfile.lock\" \"${PODS_ROOT}/Manifest.lock\" > /dev/null\nif [ $? != 0 ] ; then\n    # print error to STDERR\n    echo \"error: The sandbox is not in sync with the Podfile.lock. Run 'pod install' or update your CocoaPods installation.\" >&2\n    exit 1\nfi\n";
			showEnvVarsInLog = 0;
		};
		8ECCE8BA04B3C06EB8F6409F /* [CP] Copy Pods Resources */ = {
			isa = PBXShellScriptBuildPhase;
			buildActionMask = 2147483647;
			files = (
			);
			inputPaths = (
			);
			name = "[CP] Copy Pods Resources";
			outputPaths = (
			);
			runOnlyForDeploymentPostprocessing = 0;
			shellPath = /bin/sh;
			shellScript = "\"${SRCROOT}/Pods/Target Support Files/Pods-SplitZip_Swift/Pods-SplitZip_Swift-resources.sh\"\n";
			showEnvVarsInLog = 0;
		};
		DEB6FE00F84831C4D4825A03 /* [CP] Embed Pods Frameworks */ = {
			isa = PBXShellScriptBuildPhase;
			buildActionMask = 2147483647;
			files = (
			);
			inputPaths = (
			);
			name = "[CP] Embed Pods Frameworks";
			outputPaths = (
			);
			runOnlyForDeploymentPostprocessing = 0;
			shellPath = /bin/sh;
			shellScript = "\"${SRCROOT}/Pods/Target Support Files/Pods-SplitZip_Swift/Pods-SplitZip_Swift-frameworks.sh\"\n";
			showEnvVarsInLog = 0;
		};
/* End PBXShellScriptBuildPhase section */

/* Begin PBXSourcesBuildPhase section */
		83A23708200E5480001FCDEC /* Sources */ = {
			isa = PBXSourcesBuildPhase;
			buildActionMask = 2147483647;
			files = (
				83A23712200E5480001FCDEC /* ViewController.swift in Sources */,
				83A23710200E5480001FCDEC /* AppDelegate.swift in Sources */,
			);
			runOnlyForDeploymentPostprocessing = 0;
		};
/* End PBXSourcesBuildPhase section */

/* Begin PBXVariantGroup section */
		83A23713200E5480001FCDEC /* Main.storyboard */ = {
			isa = PBXVariantGroup;
			children = (
				83A23714200E5480001FCDEC /* Base */,
			);
			name = Main.storyboard;
			sourceTree = "<group>";
		};
		83A23718200E5480001FCDEC /* LaunchScreen.storyboard */ = {
			isa = PBXVariantGroup;
			children = (
				83A23719200E5480001FCDEC /* Base */,
			);
			name = LaunchScreen.storyboard;
			sourceTree = "<group>";
		};
/* End PBXVariantGroup section */

/* Begin XCBuildConfiguration section */
		83A2371C200E5480001FCDEC /* Debug */ = {
			isa = XCBuildConfiguration;
			buildSettings = {
				ALWAYS_SEARCH_USER_PATHS = NO;
				CLANG_ANALYZER_NONNULL = YES;
				CLANG_ANALYZER_NUMBER_OBJECT_CONVERSION = YES_AGGRESSIVE;
				CLANG_CXX_LANGUAGE_STANDARD = "gnu++14";
				CLANG_CXX_LIBRARY = "libc++";
				CLANG_ENABLE_MODULES = YES;
				CLANG_ENABLE_OBJC_ARC = YES;
				CLANG_WARN_BLOCK_CAPTURE_AUTORELEASING = YES;
				CLANG_WARN_BOOL_CONVERSION = YES;
				CLANG_WARN_COMMA = YES;
				CLANG_WARN_CONSTANT_CONVERSION = YES;
				CLANG_WARN_DIRECT_OBJC_ISA_USAGE = YES_ERROR;
				CLANG_WARN_DOCUMENTATION_COMMENTS = YES;
				CLANG_WARN_EMPTY_BODY = YES;
				CLANG_WARN_ENUM_CONVERSION = YES;
				CLANG_WARN_INFINITE_RECURSION = YES;
				CLANG_WARN_INT_CONVERSION = YES;
				CLANG_WARN_NON_LITERAL_NULL_CONVERSION = YES;
				CLANG_WARN_OBJC_LITERAL_CONVERSION = YES;
				CLANG_WARN_OBJC_ROOT_CLASS = YES_ERROR;
				CLANG_WARN_RANGE_LOOP_ANALYSIS = YES;
				CLANG_WARN_STRICT_PROTOTYPES = YES;
				CLANG_WARN_SUSPICIOUS_MOVE = YES;
				CLANG_WARN_UNGUARDED_AVAILABILITY = YES_AGGRESSIVE;
				CLANG_WARN_UNREACHABLE_CODE = YES;
				CLANG_WARN__DUPLICATE_METHOD_MATCH = YES;
				CODE_SIGN_IDENTITY = "iPhone Developer";
				COPY_PHASE_STRIP = NO;
				DEBUG_INFORMATION_FORMAT = dwarf;
				ENABLE_STRICT_OBJC_MSGSEND = YES;
				ENABLE_TESTABILITY = YES;
				GCC_C_LANGUAGE_STANDARD = gnu11;
				GCC_DYNAMIC_NO_PIC = NO;
				GCC_NO_COMMON_BLOCKS = YES;
				GCC_OPTIMIZATION_LEVEL = 0;
				GCC_PREPROCESSOR_DEFINITIONS = (
					"DEBUG=1",
					"$(inherited)",
				);
				GCC_WARN_64_TO_32_BIT_CONVERSION = YES;
				GCC_WARN_ABOUT_RETURN_TYPE = YES_ERROR;
				GCC_WARN_UNDECLARED_SELECTOR = YES;
				GCC_WARN_UNINITIALIZED_AUTOS = YES_AGGRESSIVE;
				GCC_WARN_UNUSED_FUNCTION = YES;
				GCC_WARN_UNUSED_VARIABLE = YES;
				IPHONEOS_DEPLOYMENT_TARGET = 11.2;
				MTL_ENABLE_DEBUG_INFO = YES;
				ONLY_ACTIVE_ARCH = YES;
				SDKROOT = iphoneos;
				SWIFT_ACTIVE_COMPILATION_CONDITIONS = DEBUG;
				SWIFT_OPTIMIZATION_LEVEL = "-Onone";
			};
			name = Debug;
		};
		83A2371D200E5480001FCDEC /* Release */ = {
			isa = XCBuildConfiguration;
			buildSettings = {
				ALWAYS_SEARCH_USER_PATHS = NO;
				CLANG_ANALYZER_NONNULL = YES;
				CLANG_ANALYZER_NUMBER_OBJECT_CONVERSION = YES_AGGRESSIVE;
				CLANG_CXX_LANGUAGE_STANDARD = "gnu++14";
				CLANG_CXX_LIBRARY = "libc++";
				CLANG_ENABLE_MODULES = YES;
				CLANG_ENABLE_OBJC_ARC = YES;
				CLANG_WARN_BLOCK_CAPTURE_AUTORELEASING = YES;
				CLANG_WARN_BOOL_CONVERSION = YES;
				CLANG_WARN_COMMA = YES;
				CLANG_WARN_CONSTANT_CONVERSION = YES;
				CLANG_WARN_DIRECT_OBJC_ISA_USAGE = YES_ERROR;
				CLANG_WARN_DOCUMENTATION_COMMENTS = YES;
				CLANG_WARN_EMPTY_BODY = YES;
				CLANG_WARN_ENUM_CONVERSION = YES;
				CLANG_WARN_INFINITE_RECURSION = YES;
				CLANG_WARN_INT_CONVERSION = YES;
				CLANG_WARN_NON_LITERAL_NULL_CONVERSION = YES;
				CLANG_WARN_OBJC_LITERAL_CONVERSION = YES;
				CLANG_WARN_OBJC_ROOT_CLASS = YES_ERROR;
				CLANG_WARN_RANGE_LOOP_ANALYSIS = YES;
				CLANG_WARN_STRICT_PROTOTYPES = YES;
				CLANG_WARN_SUSPICIOUS_MOVE = YES;
				CLANG_WARN_UNGUARDED_AVAILABILITY = YES_AGGRESSIVE;
				CLANG_WARN_UNREACHABLE_CODE = YES;
				CLANG_WARN__DUPLICATE_METHOD_MATCH = YES;
				CODE_SIGN_IDENTITY = "iPhone Developer";
				COPY_PHASE_STRIP = NO;
				DEBUG_INFORMATION_FORMAT = "dwarf-with-dsym";
				ENABLE_NS_ASSERTIONS = NO;
				ENABLE_STRICT_OBJC_MSGSEND = YES;
				GCC_C_LANGUAGE_STANDARD = gnu11;
				GCC_NO_COMMON_BLOCKS = YES;
				GCC_WARN_64_TO_32_BIT_CONVERSION = YES;
				GCC_WARN_ABOUT_RETURN_TYPE = YES_ERROR;
				GCC_WARN_UNDECLARED_SELECTOR = YES;
				GCC_WARN_UNINITIALIZED_AUTOS = YES_AGGRESSIVE;
				GCC_WARN_UNUSED_FUNCTION = YES;
				GCC_WARN_UNUSED_VARIABLE = YES;
				IPHONEOS_DEPLOYMENT_TARGET = 11.2;
				MTL_ENABLE_DEBUG_INFO = NO;
				SDKROOT = iphoneos;
				SWIFT_OPTIMIZATION_LEVEL = "-Owholemodule";
				VALIDATE_PRODUCT = YES;
			};
			name = Release;
		};
		83A2371F200E5480001FCDEC /* Debug */ = {
			isa = XCBuildConfiguration;
			baseConfigurationReference = 4B92DC76BB32B40560CBD53E /* Pods-SplitZip_Swift.debug.xcconfig */;
			buildSettings = {
				ASSETCATALOG_COMPILER_APPICON_NAME = AppIcon;
				CODE_SIGN_STYLE = Automatic;
				DEVELOPMENT_TEAM = 3FVH43E867;
				INFOPLIST_FILE = SplitZip_Swift/Info.plist;
				LD_RUNPATH_SEARCH_PATHS = "$(inherited) @executable_path/Frameworks";
				PRODUCT_BUNDLE_IDENTIFIER = "mx.com.GAR.SplitZip-Swift";
				PRODUCT_NAME = "$(TARGET_NAME)";
				SWIFT_VERSION = 4.0;
				TARGETED_DEVICE_FAMILY = "1,2";
			};
			name = Debug;
		};
		83A23720200E5480001FCDEC /* Release */ = {
			isa = XCBuildConfiguration;
			baseConfigurationReference = 223999233F59BA59EC77393B /* Pods-SplitZip_Swift.release.xcconfig */;
			buildSettings = {
				ASSETCATALOG_COMPILER_APPICON_NAME = AppIcon;
				CODE_SIGN_STYLE = Automatic;
				DEVELOPMENT_TEAM = 3FVH43E867;
				INFOPLIST_FILE = SplitZip_Swift/Info.plist;
				LD_RUNPATH_SEARCH_PATHS = "$(inherited) @executable_path/Frameworks";
				PRODUCT_BUNDLE_IDENTIFIER = "mx.com.GAR.SplitZip-Swift";
				PRODUCT_NAME = "$(TARGET_NAME)";
				SWIFT_VERSION = 4.0;
				TARGETED_DEVICE_FAMILY = "1,2";
			};
			name = Release;
		};
/* End XCBuildConfiguration section */

/* Begin XCConfigurationList section */
		83A23707200E5480001FCDEC /* Build configuration list for PBXProject "SplitZip_Swift" */ = {
			isa = XCConfigurationList;
			buildConfigurations = (
				83A2371C200E5480001FCDEC /* Debug */,
				83A2371D200E5480001FCDEC /* Release */,
			);
			defaultConfigurationIsVisible = 0;
			defaultConfigurationName = Release;
		};
		83A2371E200E5480001FCDEC /* Build configuration list for PBXNativeTarget "SplitZip_Swift" */ = {
			isa = XCConfigurationList;
			buildConfigurations = (
				83A2371F200E5480001FCDEC /* Debug */,
				83A23720200E5480001FCDEC /* Release */,
			);
			defaultConfigurationIsVisible = 0;
			defaultConfigurationName = Release;
		};
/* End XCConfigurationList section */
	};
	rootObject = 83A23704200E5480001FCDEC /* Project object */;
}
